
Microsoft Visual Studio Solution File, Format Version 12.00
# Visual Studio Version 17
VisualStudioVersion = 17.9.34723.18
MinimumVisualStudioVersion = 10.0.40219.1
Project("{FAE04EC0-301F-11D3-BF4B-00C04F79EFBC}") = "ASP_Skill", "ASP_Skill\ASP_Skill.csproj", "{1DE2B261-5BFF-49EA-86E9-08CEB26A0FED}"
EndProject
Global
	GlobalSection(SolutionConfigurationPlatforms) = preSolution
		Debug|Any CPU = Debug|Any CPU
		Release|Any CPU = Release|Any CPU
	EndGlobalSection
	GlobalSection(ProjectConfigurationPlatforms) = postSolution
		{1DE2B261-5BFF-49EA-86E9-08CEB26A0FED}.Debug|Any CPU.ActiveCfg = Debug|Any CPU
		{1DE2B261-5BFF-49EA-86E9-08CEB26A0FED}.Debug|Any CPU.Build.0 = Debug|Any CPU
		{1DE2B261-5BFF-49EA-86E9-08CEB26A0FED}.Release|Any CPU.ActiveCfg = Release|Any CPU
		{1DE2B261-5BFF-49EA-86E9-08CEB26A0FED}.Release|Any CPU.Build.0 = Release|Any CPU
	EndGlobalSection
	GlobalSection(SolutionProperties) = preSolution
		HideSolutionNode = FALSE
	EndGlobalSection
	GlobalSection(ExtensibilityGlobals) = postSolution
		SolutionGuid = {D39BE595-A53C-4262-AB4C-E2EAD1334187}
	EndGlobalSection
EndGlobal
